# Lockfile v2
# This file is automatically generated by Wapm.
# It is not intended for manual editing. The schema of this file may change.
[modules."danbruder/wasm-hello"."0.2.1".wasm-hello]
name = "wasm-hello"
package_version = "0.2.1"
package_name = "danbruder/wasm-hello"
source = "local"
resolved = "local"
abi = "none"
entry = "target/wasm32-unknown-unknown/release/wasm-hello.wasm"
[commands.hello]
name = "hello"
package_name = "danbruder/wasm-hello"
package_version = "0.2.1"
module = "wasm-hello"
is_top_level_dependency = true
